# THIS IS AN AUTOGENERATED FILE. DO NOT EDIT THIS FILE DIRECTLY.
# yarn lockfile v1


"@hpcc-js/wasm@1.16.6":
  "integrity" "sha512-heqfVIqFifmjEaUiHW6ZHLHZ4fQ8EFFhYlNJWFB/F/gHsjKEuBih0bNbSHkdh0opuKNwqfGvLqNXpoNbbec69g=="
  "resolved" "https://registry.npmjs.org/@hpcc-js/wasm/-/wasm-1.16.6.tgz"
  "version" "1.16.6"
  dependencies:
    "yargs" "17.5.1"

"@popperjs/core@^2.11.6":
  "integrity" "sha512-50/17A98tWUfQ176raKiOGXuYpLyyVMkxxG6oylzL3BPOlA6ADGdK7EYunSa4I064xerltq9TGXs8HmOk5E+vw=="
  "resolved" "https://registry.npmjs.org/@popperjs/core/-/core-2.11.6.tgz"
  "version" "2.11.6"

"ansi-regex@^5.0.1":
  "integrity" "sha512-quJQXlTSUGL2LH9SUXo8VwsY4soanhgo6LNSm84E1LBcE8s3O0wpdiRzyR9z/ZZJMlMWv37qOOb9pdJlMUEKFQ=="
  "resolved" "https://registry.npmjs.org/ansi-regex/-/ansi-regex-5.0.1.tgz"
  "version" "5.0.1"

"ansi-styles@^4.0.0":
  "integrity" "sha512-zbB9rCJAT1rbjiVDb2hqKFHNYLxgtk8NURxZ3IZwD3F6NtxbXZQCnnSi1Lkx+IDohdPlFp222wVALIheZJQSEg=="
  "resolved" "https://registry.npmjs.org/ansi-styles/-/ansi-styles-4.3.0.tgz"
  "version" "4.3.0"
  dependencies:
    "color-convert" "^2.0.1"

"bootstrap@^5.2.3":
  "integrity" "sha512-cEKPM+fwb3cT8NzQZYEu4HilJ3anCrWqh3CHAok1p9jXqMPsPTBhU25fBckEJHJ/p+tTxTFTsFQGM+gaHpi3QQ=="
  "resolved" "https://registry.npmjs.org/bootstrap/-/bootstrap-5.2.3.tgz"
  "version" "5.2.3"

"chart.js@>=3.0.2":
  "integrity" "sha512-5/8/9eBivwBZK81mKvmIwTb2Pmw4D/5h1RK9fBWZLLZ8mCJ+kfYNmV9rMrGoa5Hgy2/wVDBMLSUDudul2/9ihA=="
  "resolved" "https://registry.npmjs.org/chart.js/-/chart.js-4.0.1.tgz"
  "version" "4.0.1"

"chartjs-adapter-date-fns@>=2.0.0":
  "integrity" "sha512-v3WV9rdnQ05ce3A0ZCjzUekJCAbfm6+3HqSoeY2BIkdMYZoYr/4T+ril1tZyDl869lz6xdNVMXejUFT9YKpw4A=="
  "resolved" "https://registry.npmjs.org/chartjs-adapter-date-fns/-/chartjs-adapter-date-fns-2.0.1.tgz"
  "version" "2.0.1"

"chartkick@^4.2.0":
  "integrity" "sha512-7yYZyxeFhOh/LA7gc1VwDFgc6t4ZM9RrbBjgb4dJoFukk2+94QkK0yulYI2OUH1cjcfrf1qmj04FkjZx7kZDeg=="
  "resolved" "https://registry.npmjs.org/chartkick/-/chartkick-4.2.0.tgz"
  "version" "4.2.0"
  dependencies:
    "chart.js" ">=3.0.2"
    "chartjs-adapter-date-fns" ">=2.0.0"
    "date-fns" ">=2.0.0"
  optionalDependencies:
    "chart.js" ">=3.0.2"
    "chartjs-adapter-date-fns" ">=2.0.0"
    "date-fns" ">=2.0.0"

"cliui@^7.0.2":
  "integrity" "sha512-OcRE68cOsVMXp1Yvonl/fzkQOyjLSu/8bhPDfQt0e0/Eb283TKP20Fs2MqoPsr9SwA595rRCA+QMzYc9nBP+JQ=="
  "resolved" "https://registry.npmjs.org/cliui/-/cliui-7.0.4.tgz"
  "version" "7.0.4"
  dependencies:
    "string-width" "^4.2.0"
    "strip-ansi" "^6.0.0"
    "wrap-ansi" "^7.0.0"

"color-convert@^2.0.1":
  "integrity" "sha512-RRECPsj7iu/xb5oKYcsFHSppFNnsj/52OVTRKb4zP5onXwVF3zVmmToNcOfGC+CRDpfK/U584fMg38ZHCaElKQ=="
  "resolved" "https://registry.npmjs.org/color-convert/-/color-convert-2.0.1.tgz"
  "version" "2.0.1"
  dependencies:
    "color-name" "~1.1.4"

"color-name@~1.1.4":
  "integrity" "sha512-dOy+3AuW3a2wNbZHIuMZpTcgjGuLU/uBL/ubcZF9OXbDo8ff4O8yVp5Bf0efS8uEoYo5q4Fx7dY9OgQGXgAsQA=="
  "resolved" "https://registry.npmjs.org/color-name/-/color-name-1.1.4.tgz"
  "version" "1.1.4"

"d3-color@1 - 2":
  "integrity" "sha512-SPXi0TSKPD4g9tw0NMZFnR95XVgUZiBH+uUTqQuDu1OsE2zomHU7ho0FISciaPvosimixwHFl3WHLGabv6dDgQ=="
  "resolved" "https://registry.npmjs.org/d3-color/-/d3-color-2.0.0.tgz"
  "version" "2.0.0"

"d3-dispatch@^2.0.0", "d3-dispatch@1 - 2":
  "integrity" "sha512-S/m2VsXI7gAti2pBoLClFFTMOO1HTtT0j99AuXLoGFKO6deHDdnv6ZGTxSTTUTgO1zVcv82fCOtDjYK4EECmWA=="
  "resolved" "https://registry.npmjs.org/d3-dispatch/-/d3-dispatch-2.0.0.tgz"
  "version" "2.0.0"

"d3-drag@2":
  "integrity" "sha512-g9y9WbMnF5uqB9qKqwIIa/921RYWzlUDv9Jl1/yONQwxbOfszAWTCm8u7HOTgJgRDXiRZN56cHT9pd24dmXs8w=="
  "resolved" "https://registry.npmjs.org/d3-drag/-/d3-drag-2.0.0.tgz"
  "version" "2.0.0"
  dependencies:
    "d3-dispatch" "1 - 2"
    "d3-selection" "2"

"d3-ease@1 - 2":
  "integrity" "sha512-68/n9JWarxXkOWMshcT5IcjbB+agblQUaIsbnXmrzejn2O82n3p2A9R2zEB9HIEFWKFwPAEDDN8gR0VdSAyyAQ=="
  "resolved" "https://registry.npmjs.org/d3-ease/-/d3-ease-2.0.0.tgz"
  "version" "2.0.0"

"d3-format@^2.0.0":
  "integrity" "sha512-Ab3S6XuE/Q+flY96HXT0jOXcM4EAClYFnRGY5zsjRGNy6qCYrQsMffs7cV5Q9xejb35zxW5hf/guKw34kvIKsA=="
  "resolved" "https://registry.npmjs.org/d3-format/-/d3-format-2.0.0.tgz"
  "version" "2.0.0"

"d3-graphviz@^4.5.0":
  "integrity" "sha512-qEhZB19Tv7oNV92Hys/aY+XkVCyHAzM+VjqbjJoHK5YXLC3tRtZoSFr64tdrURl8qRsKnphtvPeFpHeJAbOgSQ=="
  "resolved" "https://registry.npmjs.org/d3-graphviz/-/d3-graphviz-4.5.0.tgz"
  "version" "4.5.0"
  dependencies:
    "@hpcc-js/wasm" "1.16.6"
    "d3-dispatch" "^2.0.0"
    "d3-format" "^2.0.0"
    "d3-interpolate" "^2.0.1"
    "d3-path" "^2.0.0"
    "d3-timer" "^2.0.0"
    "d3-transition" "^2.0.0"
    "d3-zoom" "^2.0.0"

"d3-interpolate@^2.0.1", "d3-interpolate@1 - 2":
  "integrity" "sha512-c5UhwwTs/yybcmTpAVqwSFl6vrQ8JZJoT5F7xNFK9pymv5C0Ymcc9/LIJHtYIggg/yS9YHw8i8O8tgb9pupjeQ=="
  "resolved" "https://registry.npmjs.org/d3-interpolate/-/d3-interpolate-2.0.1.tgz"
  "version" "2.0.1"
  dependencies:
    "d3-color" "1 - 2"

"d3-path@^2.0.0":
  "integrity" "sha512-ZwZQxKhBnv9yHaiWd6ZU4x5BtCQ7pXszEV9CU6kRgwIQVQGLMv1oiL4M+MK/n79sYzsj+gcgpPQSctJUsLN7fA=="
  "resolved" "https://registry.npmjs.org/d3-path/-/d3-path-2.0.0.tgz"
  "version" "2.0.0"

"d3-selection@2":
  "integrity" "sha512-XoGGqhLUN/W14NmaqcO/bb1nqjDAw5WtSYb2X8wiuQWvSZUsUVYsOSkOybUrNvcBjaywBdYPy03eXHMXjk9nZA=="
  "resolved" "https://registry.npmjs.org/d3-selection/-/d3-selection-2.0.0.tgz"
  "version" "2.0.0"

"d3-timer@^2.0.0", "d3-timer@1 - 2":
  "integrity" "sha512-TO4VLh0/420Y/9dO3+f9abDEFYeCUr2WZRlxJvbp4HPTQcSylXNiL6yZa9FIUvV1yRiFufl1bszTCLDqv9PWNA=="
  "resolved" "https://registry.npmjs.org/d3-timer/-/d3-timer-2.0.0.tgz"
  "version" "2.0.0"

"d3-transition@^2.0.0", "d3-transition@2":
  "integrity" "sha512-42ltAGgJesfQE3u9LuuBHNbGrI/AJjNL2OAUdclE70UE6Vy239GCBEYD38uBPoLeNsOhFStGpPI0BAOV+HMxog=="
  "resolved" "https://registry.npmjs.org/d3-transition/-/d3-transition-2.0.0.tgz"
  "version" "2.0.0"
  dependencies:
    "d3-color" "1 - 2"
    "d3-dispatch" "1 - 2"
    "d3-ease" "1 - 2"
    "d3-interpolate" "1 - 2"
    "d3-timer" "1 - 2"

"d3-zoom@^2.0.0":
  "integrity" "sha512-fFg7aoaEm9/jf+qfstak0IYpnesZLiMX6GZvXtUSdv8RH2o4E2qeelgdU09eKS6wGuiGMfcnMI0nTIqWzRHGpw=="
  "resolved" "https://registry.npmjs.org/d3-zoom/-/d3-zoom-2.0.0.tgz"
  "version" "2.0.0"
  dependencies:
    "d3-dispatch" "1 - 2"
    "d3-drag" "2"
    "d3-interpolate" "1 - 2"
    "d3-selection" "2"
    "d3-transition" "2"

"date-fns@>=2.0.0":
  "integrity" "sha512-dDCnyH2WnnKusqvZZ6+jA1O51Ibt8ZMRNkDZdyAyK4YfbDwa/cEmuztzG5pk6hqlp9aSBPYcjOlktquahGwGeA=="
  "resolved" "https://registry.npmjs.org/date-fns/-/date-fns-2.29.3.tgz"
  "version" "2.29.3"

"emoji-regex@^8.0.0":
  "integrity" "sha512-MSjYzcWNOA0ewAHpz0MxpYFvwg6yjy1NG3xteoqz644VCo/RPgnr1/GGt+ic3iJTzQ8Eu3TdM14SawnVUmGE6A=="
  "resolved" "https://registry.npmjs.org/emoji-regex/-/emoji-regex-8.0.0.tgz"
  "version" "8.0.0"

"escalade@^3.1.1":
  "integrity" "sha512-k0er2gUkLf8O0zKJiAhmkTnJlTvINGv7ygDNPbeIsX/TJjGJZHuh9B2UxbsaEkmlEo9MfhrSzmhIlhRlI2GXnw=="
  "resolved" "https://registry.npmjs.org/escalade/-/escalade-3.1.1.tgz"
  "version" "3.1.1"

"get-caller-file@^2.0.5":
  "integrity" "sha512-DyFP3BM/3YHTQOCUL/w0OZHR0lpKeGrxotcHWcqNEdnltqFwXVfhEBQ94eIo34AfQpo0rGki4cyIiftY06h2Fg=="
  "resolved" "https://registry.npmjs.org/get-caller-file/-/get-caller-file-2.0.5.tgz"
  "version" "2.0.5"

"is-fullwidth-code-point@^3.0.0":
  "integrity" "sha512-zymm5+u+sCsSWyD9qNaejV3DFvhCKclKdizYaJUuHA83RLjb7nSuGnddCHGv0hk+KY7BMAlsWeK4Ueg6EV6XQg=="
  "resolved" "https://registry.npmjs.org/is-fullwidth-code-point/-/is-fullwidth-code-point-3.0.0.tgz"
  "version" "3.0.0"

"require-directory@^2.1.1":
  "integrity" "sha512-fGxEI7+wsG9xrvdjsrlmL22OMTTiHRwAMroiEeMgq8gzoLC/PQr7RsRDSTLUg/bZAZtF+TVIkHc6/4RIKrui+Q=="
  "resolved" "https://registry.npmjs.org/require-directory/-/require-directory-2.1.1.tgz"
  "version" "2.1.1"

"string-width@^4.1.0", "string-width@^4.2.0", "string-width@^4.2.3":
  "integrity" "sha512-wKyQRQpjJ0sIp62ErSZdGsjMJWsap5oRNihHhu6G7JVO/9jIB6UyevL+tXuOqrng8j/cxKTWyWUwvSTriiZz/g=="
  "resolved" "https://registry.npmjs.org/string-width/-/string-width-4.2.3.tgz"
  "version" "4.2.3"
  dependencies:
    "emoji-regex" "^8.0.0"
    "is-fullwidth-code-point" "^3.0.0"
    "strip-ansi" "^6.0.1"

"strip-ansi@^6.0.0", "strip-ansi@^6.0.1":
  "integrity" "sha512-Y38VPSHcqkFrCpFnQ9vuSXmquuv5oXOKpGeT6aGrr3o3Gc9AlVa6JBfUSOCnbxGGZF+/0ooI7KrPuUSztUdU5A=="
  "resolved" "https://registry.npmjs.org/strip-ansi/-/strip-ansi-6.0.1.tgz"
  "version" "6.0.1"
  dependencies:
    "ansi-regex" "^5.0.1"

"wrap-ansi@^7.0.0":
  "integrity" "sha512-YVGIj2kamLSTxw6NsZjoBxfSwsn0ycdesmc4p+Q21c5zPuZ1pl+NfxVdxPtdHvmNVOQ6XSYG4AUtyt/Fi7D16Q=="
  "resolved" "https://registry.npmjs.org/wrap-ansi/-/wrap-ansi-7.0.0.tgz"
  "version" "7.0.0"
  dependencies:
    "ansi-styles" "^4.0.0"
    "string-width" "^4.1.0"
    "strip-ansi" "^6.0.0"

"y18n@^5.0.5":
  "integrity" "sha512-0pfFzegeDWJHJIAmTLRP2DwHjdF5s7jo9tuztdQxAhINCdvS+3nGINqPd00AphqJR/0LhANUS6/+7SCb98YOfA=="
  "resolved" "https://registry.npmjs.org/y18n/-/y18n-5.0.8.tgz"
  "version" "5.0.8"

"yargs-parser@^21.0.0":
  "integrity" "sha512-tVpsJW7DdjecAiFpbIB1e3qxIQsE6NoPc5/eTdrbbIC4h0LVsWhnoa3g+m2HclBIujHzsxZ4VJVA+GUuc2/LBw=="
  "resolved" "https://registry.npmjs.org/yargs-parser/-/yargs-parser-21.1.1.tgz"
  "version" "21.1.1"

"yargs@17.5.1":
  "integrity" "sha512-t6YAJcxDkNX7NFYiVtKvWUz8l+PaKTLiL63mJYWR2GnHq2gjEWISzsLp9wg3aY36dY1j+gfIEL3pIF+XlJJfbA=="
  "resolved" "https://registry.npmjs.org/yargs/-/yargs-17.5.1.tgz"
  "version" "17.5.1"
  dependencies:
    "cliui" "^7.0.2"
    "escalade" "^3.1.1"
    "get-caller-file" "^2.0.5"
    "require-directory" "^2.1.1"
    "string-width" "^4.2.3"
    "y18n" "^5.0.5"
    "yargs-parser" "^21.0.0"
